
Microsoft Visual Studio Solution File, Format Version 12.00
Project("{FAE04EC0-301F-11D3-BF4B-00C04F79EFBC}") = "DEcsharpGirard", "DEcsharpGirard\DEcsharpGirard.csproj", "{6981CB88-AF47-4EC3-9182-9EB4C54AE757}"
EndProject
Global
	GlobalSection(SolutionConfigurationPlatforms) = preSolution
		Debug|Any CPU = Debug|Any CPU
		Release|Any CPU = Release|Any CPU
	EndGlobalSection
	GlobalSection(ProjectConfigurationPlatforms) = postSolution
		{6981CB88-AF47-4EC3-9182-9EB4C54AE757}.Debug|Any CPU.ActiveCfg = Debug|Any CPU
		{6981CB88-AF47-4EC3-9182-9EB4C54AE757}.Debug|Any CPU.Build.0 = Debug|Any CPU
		{6981CB88-AF47-4EC3-9182-9EB4C54AE757}.Release|Any CPU.ActiveCfg = Release|Any CPU
		{6981CB88-AF47-4EC3-9182-9EB4C54AE757}.Release|Any CPU.Build.0 = Release|Any CPU
	EndGlobalSection
EndGlobal
